// !$*UTF8*$!
{
	archiveVersion = 1;
	classes = {
	};
	objectVersion = 48;
	objects = {

/* Begin PBXBuildFile section */
		60F7D8841F97BF260093EFAC /* AppDelegate.swift in Sources */ = {isa = PBXBuildFile; fileRef = 60F7D8831F97BF260093EFAC /* AppDelegate.swift */; };
		60F7D8861F97BF260093EFAC /* ViewController.swift in Sources */ = {isa = PBXBuildFile; fileRef = 60F7D8851F97BF260093EFAC /* ViewController.swift */; };
		60F7D8891F97BF260093EFAC /* Main.storyboard in Resources */ = {isa = PBXBuildFile; fileRef = 60F7D8871F97BF260093EFAC /* Main.storyboard */; };
		60F7D88B1F97BF260093EFAC /* Assets.xcassets in Resources */ = {isa = PBXBuildFile; fileRef = 60F7D88A1F97BF260093EFAC /* Assets.xcassets */; };
		60F7D88E1F97BF260093EFAC /* LaunchScreen.storyboard in Resources */ = {isa = PBXBuildFile; fileRef = 60F7D88C1F97BF260093EFAC /* LaunchScreen.storyboard */; };
		60F7D8991F97BF260093EFAC /* AccelerometerTests.swift in Sources */ = {isa = PBXBuildFile; fileRef = 60F7D8981F97BF260093EFAC /* AccelerometerTests.swift */; };
		60F7D8A41F97BF260093EFAC /* AccelerometerUITests.swift in Sources */ = {isa = PBXBuildFile; fileRef = 60F7D8A31F97BF260093EFAC /* AccelerometerUITests.swift */; };
/* End PBXBuildFile section */

/* Begin PBXContainerItemProxy section */
		60F7D8951F97BF260093EFAC /* PBXContainerItemProxy */ = {
			isa = PBXContainerItemProxy;
			containerPortal = 60F7D8781F97BF260093EFAC /* Project object */;
			proxyType = 1;
			remoteGlobalIDString = 60F7D87F1F97BF260093EFAC;
			remoteInfo = Accelerometer;
		};
		60F7D8A01F97BF260093EFAC /* PBXContainerItemProxy */ = {
			isa = PBXContainerItemProxy;
			containerPortal = 60F7D8781F97BF260093EFAC /* Project object */;
			proxyType = 1;
			remoteGlobalIDString = 60F7D87F1F97BF260093EFAC;
			remoteInfo = Accelerometer;
		};
/* End PBXContainerItemProxy section */

/* Begin PBXFileReference section */
		60F7D8801F97BF260093EFAC /* Accelerometer.app */ = {isa = PBXFileReference; explicitFileType = wrapper.application; includeInIndex = 0; path = Accelerometer.app; sourceTree = BUILT_PRODUCTS_DIR; };
		60F7D8831F97BF260093EFAC /* AppDelegate.swift */ = {isa = PBXFileReference; lastKnownFileType = sourcecode.swift; path = AppDelegate.swift; sourceTree = "<group>"; };
		60F7D8851F97BF260093EFAC /* ViewController.swift */ = {isa = PBXFileReference; lastKnownFileType = sourcecode.swift; path = ViewController.swift; sourceTree = "<group>"; };
		60F7D8881F97BF260093EFAC /* Base */ = {isa = PBXFileReference; lastKnownFileType = file.storyboard; name = Base; path = Base.lproj/Main.storyboard; sourceTree = "<group>"; };
		60F7D88A1F97BF260093EFAC /* Assets.xcassets */ = {isa = PBXFileReference; lastKnownFileType = folder.assetcatalog; path = Assets.xcassets; sourceTree = "<group>"; };
		60F7D88D1F97BF260093EFAC /* Base */ = {isa = PBXFileReference; lastKnownFileType = file.storyboard; name = Base; path = Base.lproj/LaunchScreen.storyboard; sourceTree = "<group>"; };
		60F7D88F1F97BF260093EFAC /* Info.plist */ = {isa = PBXFileReference; lastKnownFileType = text.plist.xml; path = Info.plist; sourceTree = "<group>"; };
		60F7D8941F97BF260093EFAC /* AccelerometerTests.xctest */ = {isa = PBXFileReference; explicitFileType = wrapper.cfbundle; includeInIndex = 0; path = AccelerometerTests.xctest; sourceTree = BUILT_PRODUCTS_DIR; };
		60F7D8981F97BF260093EFAC /* AccelerometerTests.swift */ = {isa = PBXFileReference; lastKnownFileType = sourcecode.swift; path = AccelerometerTests.swift; sourceTree = "<group>"; };
		60F7D89A1F97BF260093EFAC /* Info.plist */ = {isa = PBXFileReference; lastKnownFileType = text.plist.xml; path = Info.plist; sourceTree = "<group>"; };
		60F7D89F1F97BF260093EFAC /* AccelerometerUITests.xctest */ = {isa = PBXFileReference; explicitFileType = wrapper.cfbundle; includeInIndex = 0; path = AccelerometerUITests.xctest; sourceTree = BUILT_PRODUCTS_DIR; };
		60F7D8A31F97BF260093EFAC /* AccelerometerUITests.swift */ = {isa = PBXFileReference; lastKnownFileType = sourcecode.swift; path = AccelerometerUITests.swift; sourceTree = "<group>"; };
		60F7D8A51F97BF260093EFAC /* Info.plist */ = {isa = PBXFileReference; lastKnownFileType = text.plist.xml; path = Info.plist; sourceTree = "<group>"; };
/* End PBXFileReference section */

/* Begin PBXFrameworksBuildPhase section */
		60F7D87D1F97BF260093EFAC /* Frameworks */ = {
			isa = PBXFrameworksBuildPhase;
			buildActionMask = 2147483647;
			files = (
			);
			runOnlyForDeploymentPostprocessing = 0;
		};
		60F7D8911F97BF260093EFAC /* Frameworks */ = {
			isa = PBXFrameworksBuildPhase;
			buildActionMask = 2147483647;
			files = (
			);
			runOnlyForDeploymentPostprocessing = 0;
		};
		60F7D89C1F97BF260093EFAC /* Frameworks */ = {
			isa = PBXFrameworksBuildPhase;
			buildActionMask = 2147483647;
			files = (
			);
			runOnlyForDeploymentPostprocessing = 0;
		};
/* End PBXFrameworksBuildPhase section */

/* Begin PBXGroup section */
		60F7D8771F97BF260093EFAC = {
			isa = PBXGroup;
			children = (
				60F7D8821F97BF260093EFAC /* Accelerometer */,
				60F7D8971F97BF260093EFAC /* AccelerometerTests */,
				60F7D8A21F97BF260093EFAC /* AccelerometerUITests */,
				60F7D8811F97BF260093EFAC /* Products */,
			);
			sourceTree = "<group>";
		};
		60F7D8811F97BF260093EFAC /* Products */ = {
			isa = PBXGroup;
			children = (
				60F7D8801F97BF260093EFAC /* Accelerometer.app */,
				60F7D8941F97BF260093EFAC /* AccelerometerTests.xctest */,
				60F7D89F1F97BF260093EFAC /* AccelerometerUITests.xctest */,
			);
			name = Products;
			sourceTree = "<group>";
		};
		60F7D8821F97BF260093EFAC /* Accelerometer */ = {
			isa = PBXGroup;
			children = (
				60F7D8831F97BF260093EFAC /* AppDelegate.swift */,
				60F7D8851F97BF260093EFAC /* ViewController.swift */,
				60F7D8871F97BF260093EFAC /* Main.storyboard */,
				60F7D88A1F97BF260093EFAC /* Assets.xcassets */,
				60F7D88C1F97BF260093EFAC /* LaunchScreen.storyboard */,
				60F7D88F1F97BF260093EFAC /* Info.plist */,
			);
			path = Accelerometer;
			sourceTree = "<group>";
		};
		60F7D8971F97BF260093EFAC /* AccelerometerTests */ = {
			isa = PBXGroup;
			children = (
				60F7D8981F97BF260093EFAC /* AccelerometerTests.swift */,
				60F7D89A1F97BF260093EFAC /* Info.plist */,
			);
			path = AccelerometerTests;
			sourceTree = "<group>";
		};
		60F7D8A21F97BF260093EFAC /* AccelerometerUITests */ = {
			isa = PBXGroup;
			children = (
				60F7D8A31F97BF260093EFAC /* AccelerometerUITests.swift */,
				60F7D8A51F97BF260093EFAC /* Info.plist */,
			);
			path = AccelerometerUITests;
			sourceTree = "<group>";
		};
/* End PBXGroup section */

/* Begin PBXNativeTarget section */
		60F7D87F1F97BF260093EFAC /* Accelerometer */ = {
			isa = PBXNativeTarget;
			buildConfigurationList = 60F7D8A81F97BF260093EFAC /* Build configuration list for PBXNativeTarget "Accelerometer" */;
			buildPhases = (
				60F7D87C1F97BF260093EFAC /* Sources */,
				60F7D87D1F97BF260093EFAC /* Frameworks */,
				60F7D87E1F97BF260093EFAC /* Resources */,
			);
			buildRules = (
			);
			dependencies = (
			);
			name = Accelerometer;
			productName = Accelerometer;
			productReference = 60F7D8801F97BF260093EFAC /* Accelerometer.app */;
			productType = "com.apple.product-type.application";
		};
		60F7D8931F97BF260093EFAC /* AccelerometerTests */ = {
			isa = PBXNativeTarget;
			buildConfigurationList = 60F7D8AB1F97BF260093EFAC /* Build configuration list for PBXNativeTarget "AccelerometerTests" */;
			buildPhases = (
				60F7D8901F97BF260093EFAC /* Sources */,
				60F7D8911F97BF260093EFAC /* Frameworks */,
				60F7D8921F97BF260093EFAC /* Resources */,
			);
			buildRules = (
			);
			dependencies = (
				60F7D8961F97BF260093EFAC /* PBXTargetDependency */,
			);
			name = AccelerometerTests;
			productName = AccelerometerTests;
			productReference = 60F7D8941F97BF260093EFAC /* AccelerometerTests.xctest */;
			productType = "com.apple.product-type.bundle.unit-test";
		};
		60F7D89E1F97BF260093EFAC /* AccelerometerUITests */ = {
			isa = PBXNativeTarget;
			buildConfigurationList = 60F7D8AE1F97BF260093EFAC /* Build configuration list for PBXNativeTarget "AccelerometerUITests" */;
			buildPhases = (
				60F7D89B1F97BF260093EFAC /* Sources */,
				60F7D89C1F97BF260093EFAC /* Frameworks */,
				60F7D89D1F97BF260093EFAC /* Resources */,
			);
			buildRules = (
			);
			dependencies = (
				60F7D8A11F97BF260093EFAC /* PBXTargetDependency */,
			);
			name = AccelerometerUITests;
			productName = AccelerometerUITests;
			productReference = 60F7D89F1F97BF260093EFAC /* AccelerometerUITests.xctest */;
			productType = "com.apple.product-type.bundle.ui-testing";
		};
/* End PBXNativeTarget section */

/* Begin PBXProject section */
		60F7D8781F97BF260093EFAC /* Project object */ = {
			isa = PBXProject;
			attributes = {
				LastSwiftUpdateCheck = 0900;
				LastUpgradeCheck = 0900;
				ORGANIZATIONNAME = "Rebecca Hughes";
				TargetAttributes = {
					60F7D87F1F97BF260093EFAC = {
						CreatedOnToolsVersion = 9.0;
						ProvisioningStyle = Automatic;
					};
					60F7D8931F97BF260093EFAC = {
						CreatedOnToolsVersion = 9.0;
						ProvisioningStyle = Automatic;
						TestTargetID = 60F7D87F1F97BF260093EFAC;
					};
					60F7D89E1F97BF260093EFAC = {
						CreatedOnToolsVersion = 9.0;
						ProvisioningStyle = Automatic;
						TestTargetID = 60F7D87F1F97BF260093EFAC;
					};
				};
			};
			buildConfigurationList = 60F7D87B1F97BF260093EFAC /* Build configuration list for PBXProject "Accelerometer" */;
			compatibilityVersion = "Xcode 8.0";
			developmentRegion = en;
			hasScannedForEncodings = 0;
			knownRegions = (
				en,
				Base,
			);
			mainGroup = 60F7D8771F97BF260093EFAC;
			productRefGroup = 60F7D8811F97BF260093EFAC /* Products */;
			projectDirPath = "";
			projectRoot = "";
			targets = (
				60F7D87F1F97BF260093EFAC /* Accelerometer */,
				60F7D8931F97BF260093EFAC /* AccelerometerTests */,
				60F7D89E1F97BF260093EFAC /* AccelerometerUITests */,
			);
		};
/* End PBXProject section */

/* Begin PBXResourcesBuildPhase section */
		60F7D87E1F97BF260093EFAC /* Resources */ = {
			isa = PBXResourcesBuildPhase;
			buildActionMask = 2147483647;
			files = (
				60F7D88E1F97BF260093EFAC /* LaunchScreen.storyboard in Resources */,
				60F7D88B1F97BF260093EFAC /* Assets.xcassets in Resources */,
				60F7D8891F97BF260093EFAC /* Main.storyboard in Resources */,
			);
			runOnlyForDeploymentPostprocessing = 0;
		};
		60F7D8921F97BF260093EFAC /* Resources */ = {
			isa = PBXResourcesBuildPhase;
			buildActionMask = 2147483647;
			files = (
			);
			runOnlyForDeploymentPostprocessing = 0;
		};
		60F7D89D1F97BF260093EFAC /* Resources */ = {
			isa = PBXResourcesBuildPhase;
			buildActionMask = 2147483647;
			files = (
			);
			runOnlyForDeploymentPostprocessing = 0;
		};
/* End PBXResourcesBuildPhase section */

/* Begin PBXSourcesBuildPhase section */
		60F7D87C1F97BF260093EFAC /* Sources */ = {
			isa = PBXSourcesBuildPhase;
			buildActionMask = 2147483647;
			files = (
				60F7D8861F97BF260093EFAC /* ViewController.swift in Sources */,
				60F7D8841F97BF260093EFAC /* AppDelegate.swift in Sources */,
			);
			runOnlyForDeploymentPostprocessing = 0;
		};
		60F7D8901F97BF260093EFAC /* Sources */ = {
			isa = PBXSourcesBuildPhase;
			buildActionMask = 2147483647;
			files = (
				60F7D8991F97BF260093EFAC /* AccelerometerTests.swift in Sources */,
			);
			runOnlyForDeploymentPostprocessing = 0;
		};
		60F7D89B1F97BF260093EFAC /* Sources */ = {
			isa = PBXSourcesBuildPhase;
			buildActionMask = 2147483647;
			files = (
				60F7D8A41F97BF260093EFAC /* AccelerometerUITests.swift in Sources */,
			);
			runOnlyForDeploymentPostprocessing = 0;
		};
/* End PBXSourcesBuildPhase section */

/* Begin PBXTargetDependency section */
		60F7D8961F97BF260093EFAC /* PBXTargetDependency */ = {
			isa = PBXTargetDependency;
			target = 60F7D87F1F97BF260093EFAC /* Accelerometer */;
			targetProxy = 60F7D8951F97BF260093EFAC /* PBXContainerItemProxy */;
		};
		60F7D8A11F97BF260093EFAC /* PBXTargetDependency */ = {
			isa = PBXTargetDependency;
			target = 60F7D87F1F97BF260093EFAC /* Accelerometer */;
			targetProxy = 60F7D8A01F97BF260093EFAC /* PBXContainerItemProxy */;
		};
/* End PBXTargetDependency section */

/* Begin PBXVariantGroup section */
		60F7D8871F97BF260093EFAC /* Main.storyboard */ = {
			isa = PBXVariantGroup;
			children = (
				60F7D8881F97BF260093EFAC /* Base */,
			);
			name = Main.storyboard;
			sourceTree = "<group>";
		};
		60F7D88C1F97BF260093EFAC /* LaunchScreen.storyboard */ = {
			isa = PBXVariantGroup;
			children = (
				60F7D88D1F97BF260093EFAC /* Base */,
			);
			name = LaunchScreen.storyboard;
			sourceTree = "<group>";
		};
/* End PBXVariantGroup section */

/* Begin XCBuildConfiguration section */
		60F7D8A61F97BF260093EFAC /* Debug */ = {
			isa = XCBuildConfiguration;
			buildSettings = {
				ALWAYS_SEARCH_USER_PATHS = NO;
				CLANG_ANALYZER_NONNULL = YES;
				CLANG_ANALYZER_NUMBER_OBJECT_CONVERSION = YES_AGGRESSIVE;
				CLANG_CXX_LANGUAGE_STANDARD = "gnu++14";
				CLANG_CXX_LIBRARY = "libc++";
				CLANG_ENABLE_MODULES = YES;
				CLANG_ENABLE_OBJC_ARC = YES;
				CLANG_WARN_BLOCK_CAPTURE_AUTORELEASING = YES;
				CLANG_WARN_BOOL_CONVERSION = YES;
				CLANG_WARN_COMMA = YES;
				CLANG_WARN_CONSTANT_CONVERSION = YES;
				CLANG_WARN_DIRECT_OBJC_ISA_USAGE = YES_ERROR;
				CLANG_WARN_DOCUMENTATION_COMMENTS = YES;
				CLANG_WARN_EMPTY_BODY = YES;
				CLANG_WARN_ENUM_CONVERSION = YES;
				CLANG_WARN_INFINITE_RECURSION = YES;
				CLANG_WARN_INT_CONVERSION = YES;
				CLANG_WARN_NON_LITERAL_NULL_CONVERSION = YES;
				CLANG_WARN_OBJC_LITERAL_CONVERSION = YES;
				CLANG_WARN_OBJC_ROOT_CLASS = YES_ERROR;
				CLANG_WARN_RANGE_LOOP_ANALYSIS = YES;
				CLANG_WARN_STRICT_PROTOTYPES = YES;
				CLANG_WARN_SUSPICIOUS_MOVE = YES;
				CLANG_WARN_UNGUARDED_AVAILABILITY = YES_AGGRESSIVE;
				CLANG_WARN_UNREACHABLE_CODE = YES;
				CLANG_WARN__DUPLICATE_METHOD_MATCH = YES;
				CODE_SIGN_IDENTITY = "iPhone Developer";
				COPY_PHASE_STRIP = NO;
				DEBUG_INFORMATION_FORMAT = dwarf;
				ENABLE_STRICT_OBJC_MSGSEND = YES;
				ENABLE_TESTABILITY = YES;
				GCC_C_LANGUAGE_STANDARD = gnu11;
				GCC_DYNAMIC_NO_PIC = NO;
				GCC_NO_COMMON_BLOCKS = YES;
				GCC_OPTIMIZATION_LEVEL = 0;
				GCC_PREPROCESSOR_DEFINITIONS = (
					"DEBUG=1",
					"$(inherited)",
				);
				GCC_WARN_64_TO_32_BIT_CONVERSION = YES;
				GCC_WARN_ABOUT_RETURN_TYPE = YES_ERROR;
				GCC_WARN_UNDECLARED_SELECTOR = YES;
				GCC_WARN_UNINITIALIZED_AUTOS = YES_AGGRESSIVE;
				GCC_WARN_UNUSED_FUNCTION = YES;
				GCC_WARN_UNUSED_VARIABLE = YES;
				IPHONEOS_DEPLOYMENT_TARGET = 11.0;
				MTL_ENABLE_DEBUG_INFO = YES;
				ONLY_ACTIVE_ARCH = YES;
				SDKROOT = iphoneos;
				SWIFT_ACTIVE_COMPILATION_CONDITIONS = DEBUG;
				SWIFT_OPTIMIZATION_LEVEL = "-Onone";
			};
			name = Debug;
		};
		60F7D8A71F97BF260093EFAC /* Release */ = {
			isa = XCBuildConfiguration;
			buildSettings = {
				ALWAYS_SEARCH_USER_PATHS = NO;
				CLANG_ANALYZER_NONNULL = YES;
				CLANG_ANALYZER_NUMBER_OBJECT_CONVERSION = YES_AGGRESSIVE;
				CLANG_CXX_LANGUAGE_STANDARD = "gnu++14";
				CLANG_CXX_LIBRARY = "libc++";
				CLANG_ENABLE_MODULES = YES;
				CLANG_ENABLE_OBJC_ARC = YES;
				CLANG_WARN_BLOCK_CAPTURE_AUTORELEASING = YES;
				CLANG_WARN_BOOL_CONVERSION = YES;
				CLANG_WARN_COMMA = YES;
				CLANG_WARN_CONSTANT_CONVERSION = YES;
				CLANG_WARN_DIRECT_OBJC_ISA_USAGE = YES_ERROR;
				CLANG_WARN_DOCUMENTATION_COMMENTS = YES;
				CLANG_WARN_EMPTY_BODY = YES;
				CLANG_WARN_ENUM_CONVERSION = YES;
				CLANG_WARN_INFINITE_RECURSION = YES;
				CLANG_WARN_INT_CONVERSION = YES;
				CLANG_WARN_NON_LITERAL_NULL_CONVERSION = YES;
				CLANG_WARN_OBJC_LITERAL_CONVERSION = YES;
				CLANG_WARN_OBJC_ROOT_CLASS = YES_ERROR;
				CLANG_WARN_RANGE_LOOP_ANALYSIS = YES;
				CLANG_WARN_STRICT_PROTOTYPES = YES;
				CLANG_WARN_SUSPICIOUS_MOVE = YES;
				CLANG_WARN_UNGUARDED_AVAILABILITY = YES_AGGRESSIVE;
				CLANG_WARN_UNREACHABLE_CODE = YES;
				CLANG_WARN__DUPLICATE_METHOD_MATCH = YES;
				CODE_SIGN_IDENTITY = "iPhone Developer";
				COPY_PHASE_STRIP = NO;
				DEBUG_INFORMATION_FORMAT = "dwarf-with-dsym";
				ENABLE_NS_ASSERTIONS = NO;
				ENABLE_STRICT_OBJC_MSGSEND = YES;
				GCC_C_LANGUAGE_STANDARD = gnu11;
				GCC_NO_COMMON_BLOCKS = YES;
				GCC_WARN_64_TO_32_BIT_CONVERSION = YES;
				GCC_WARN_ABOUT_RETURN_TYPE = YES_ERROR;
				GCC_WARN_UNDECLARED_SELECTOR = YES;
				GCC_WARN_UNINITIALIZED_AUTOS = YES_AGGRESSIVE;
				GCC_WARN_UNUSED_FUNCTION = YES;
				GCC_WARN_UNUSED_VARIABLE = YES;
				IPHONEOS_DEPLOYMENT_TARGET = 11.0;
				MTL_ENABLE_DEBUG_INFO = NO;
				SDKROOT = iphoneos;
				SWIFT_OPTIMIZATION_LEVEL = "-Owholemodule";
				VALIDATE_PRODUCT = YES;
			};
			name = Release;
		};
		60F7D8A91F97BF260093EFAC /* Debug */ = {
			isa = XCBuildConfiguration;
			buildSettings = {
				ASSETCATALOG_COMPILER_APPICON_NAME = AppIcon;
				CODE_SIGN_STYLE = Automatic;
				DEVELOPMENT_TEAM = UXE2FL5SBS;
				INFOPLIST_FILE = Accelerometer/Info.plist;
				LD_RUNPATH_SEARCH_PATHS = "$(inherited) @executable_path/Frameworks";
				PRODUCT_BUNDLE_IDENTIFIER = Test.Accelerometer;
				PRODUCT_NAME = "$(TARGET_NAME)";
				SWIFT_VERSION = 4.0;
				TARGETED_DEVICE_FAMILY = "1,2";
			};
			name = Debug;
		};
		60F7D8AA1F97BF260093EFAC /* Release */ = {
			isa = XCBuildConfiguration;
			buildSettings = {
				ASSETCATALOG_COMPILER_APPICON_NAME = AppIcon;
				CODE_SIGN_STYLE = Automatic;
				DEVELOPMENT_TEAM = UXE2FL5SBS;
				INFOPLIST_FILE = Accelerometer/Info.plist;
				LD_RUNPATH_SEARCH_PATHS = "$(inherited) @executable_path/Frameworks";
				PRODUCT_BUNDLE_IDENTIFIER = Test.Accelerometer;
				PRODUCT_NAME = "$(TARGET_NAME)";
				SWIFT_VERSION = 4.0;
				TARGETED_DEVICE_FAMILY = "1,2";
			};
			name = Release;
		};
		60F7D8AC1F97BF260093EFAC /* Debug */ = {
			isa = XCBuildConfiguration;
			buildSettings = {
				ALWAYS_EMBED_SWIFT_STANDARD_LIBRARIES = YES;
				BUNDLE_LOADER = "$(TEST_HOST)";
				CODE_SIGN_STYLE = Automatic;
				DEVELOPMENT_TEAM = UXE2FL5SBS;
				INFOPLIST_FILE = AccelerometerTests/Info.plist;
				LD_RUNPATH_SEARCH_PATHS = "$(inherited) @executable_path/Frameworks @loader_path/Frameworks";
				PRODUCT_BUNDLE_IDENTIFIER = Test.AccelerometerTests;
				PRODUCT_NAME = "$(TARGET_NAME)";
				SWIFT_VERSION = 4.0;
				TARGETED_DEVICE_FAMILY = "1,2";
				TEST_HOST = "$(BUILT_PRODUCTS_DIR)/Accelerometer.app/Accelerometer";
			};
			name = Debug;
		};
		60F7D8AD1F97BF260093EFAC /* Release */ = {
			isa = XCBuildConfiguration;
			buildSettings = {
				ALWAYS_EMBED_SWIFT_STANDARD_LIBRARIES = YES;
				BUNDLE_LOADER = "$(TEST_HOST)";
				CODE_SIGN_STYLE = Automatic;
				DEVELOPMENT_TEAM = UXE2FL5SBS;
				INFOPLIST_FILE = AccelerometerTests/Info.plist;
				LD_RUNPATH_SEARCH_PATHS = "$(inherited) @executable_path/Frameworks @loader_path/Frameworks";
				PRODUCT_BUNDLE_IDENTIFIER = Test.AccelerometerTests;
				PRODUCT_NAME = "$(TARGET_NAME)";
				SWIFT_VERSION = 4.0;
				TARGETED_DEVICE_FAMILY = "1,2";
				TEST_HOST = "$(BUILT_PRODUCTS_DIR)/Accelerometer.app/Accelerometer";
			};
			name = Release;
		};
		60F7D8AF1F97BF260093EFAC /* Debug */ = {
			isa = XCBuildConfiguration;
			buildSettings = {
				ALWAYS_EMBED_SWIFT_STANDARD_LIBRARIES = YES;
				CODE_SIGN_STYLE = Automatic;
				DEVELOPMENT_TEAM = UXE2FL5SBS;
				INFOPLIST_FILE = AccelerometerUITests/Info.plist;
				LD_RUNPATH_SEARCH_PATHS = "$(inherited) @executable_path/Frameworks @loader_path/Frameworks";
				PRODUCT_BUNDLE_IDENTIFIER = Test.AccelerometerUITests;
				PRODUCT_NAME = "$(TARGET_NAME)";
				SWIFT_VERSION = 4.0;
				TARGETED_DEVICE_FAMILY = "1,2";
				TEST_TARGET_NAME = Accelerometer;
			};
			name = Debug;
		};
		60F7D8B01F97BF260093EFAC /* Release */ = {
			isa = XCBuildConfiguration;
			buildSettings = {
				ALWAYS_EMBED_SWIFT_STANDARD_LIBRARIES = YES;
				CODE_SIGN_STYLE = Automatic;
				DEVELOPMENT_TEAM = UXE2FL5SBS;
				INFOPLIST_FILE = AccelerometerUITests/Info.plist;
				LD_RUNPATH_SEARCH_PATHS = "$(inherited) @executable_path/Frameworks @loader_path/Frameworks";
				PRODUCT_BUNDLE_IDENTIFIER = Test.AccelerometerUITests;
				PRODUCT_NAME = "$(TARGET_NAME)";
				SWIFT_VERSION = 4.0;
				TARGETED_DEVICE_FAMILY = "1,2";
				TEST_TARGET_NAME = Accelerometer;
			};
			name = Release;
		};
/* End XCBuildConfiguration section */

/* Begin XCConfigurationList section */
		60F7D87B1F97BF260093EFAC /* Build configuration list for PBXProject "Accelerometer" */ = {
			isa = XCConfigurationList;
			buildConfigurations = (
				60F7D8A61F97BF260093EFAC /* Debug */,
				60F7D8A71F97BF260093EFAC /* Release */,
			);
			defaultConfigurationIsVisible = 0;
			defaultConfigurationName = Release;
		};
		60F7D8A81F97BF260093EFAC /* Build configuration list for PBXNativeTarget "Accelerometer" */ = {
			isa = XCConfigurationList;
			buildConfigurations = (
				60F7D8A91F97BF260093EFAC /* Debug */,
				60F7D8AA1F97BF260093EFAC /* Release */,
			);
			defaultConfigurationIsVisible = 0;
			defaultConfigurationName = Release;
		};
		60F7D8AB1F97BF260093EFAC /* Build configuration list for PBXNativeTarget "AccelerometerTests" */ = {
			isa = XCConfigurationList;
			buildConfigurations = (
				60F7D8AC1F97BF260093EFAC /* Debug */,
				60F7D8AD1F97BF260093EFAC /* Release */,
			);
			defaultConfigurationIsVisible = 0;
			defaultConfigurationName = Release;
		};
		60F7D8AE1F97BF260093EFAC /* Build configuration list for PBXNativeTarget "AccelerometerUITests" */ = {
			isa = XCConfigurationList;
			buildConfigurations = (
				60F7D8AF1F97BF260093EFAC /* Debug */,
				60F7D8B01F97BF260093EFAC /* Release */,
			);
			defaultConfigurationIsVisible = 0;
			defaultConfigurationName = Release;
		};
/* End XCConfigurationList section */
	};
	rootObject = 60F7D8781F97BF260093EFAC /* Project object */;
}
